// !$*UTF8*$!
{
	archiveVersion = 1;
	classes = {
	};
	objectVersion = 51;
	objects = {

/* Begin PBXBuildFile section */
		3518C2A3FD4C100785EF2096 /* Pods_PracticeRxDataSources_PracticeRxDataSourcesUITests.framework in Frameworks */ = {isa = PBXBuildFile; fileRef = 4BE0DD448C4B72AAADB96567 /* Pods_PracticeRxDataSources_PracticeRxDataSourcesUITests.framework */; };
		5DD9A1DB2669466B00B0619F /* AppDelegate.swift in Sources */ = {isa = PBXBuildFile; fileRef = 5DD9A1DA2669466B00B0619F /* AppDelegate.swift */; };
		5DD9A1DD2669466B00B0619F /* SceneDelegate.swift in Sources */ = {isa = PBXBuildFile; fileRef = 5DD9A1DC2669466B00B0619F /* SceneDelegate.swift */; };
		5DD9A1DF2669466B00B0619F /* SettingViewController.swift in Sources */ = {isa = PBXBuildFile; fileRef = 5DD9A1DE2669466B00B0619F /* SettingViewController.swift */; };
		5DD9A1E42669467000B0619F /* Assets.xcassets in Resources */ = {isa = PBXBuildFile; fileRef = 5DD9A1E32669467000B0619F /* Assets.xcassets */; };
		5DD9A1E72669467000B0619F /* LaunchScreen.storyboard in Resources */ = {isa = PBXBuildFile; fileRef = 5DD9A1E52669467000B0619F /* LaunchScreen.storyboard */; };
		5DD9A1F22669467100B0619F /* PracticeRxDataSourcesTests.swift in Sources */ = {isa = PBXBuildFile; fileRef = 5DD9A1F12669467100B0619F /* PracticeRxDataSourcesTests.swift */; };
		5DD9A1FD2669467100B0619F /* PracticeRxDataSourcesUITests.swift in Sources */ = {isa = PBXBuildFile; fileRef = 5DD9A1FC2669467100B0619F /* PracticeRxDataSourcesUITests.swift */; };
		5DD9A20B266B9D3000B0619F /* SettingViewController.xib in Resources */ = {isa = PBXBuildFile; fileRef = 5DD9A20A266B9D3000B0619F /* SettingViewController.xib */; };
		5DD9A211266B9E7C00B0619F /* SettingSectionModel.swift in Sources */ = {isa = PBXBuildFile; fileRef = 5DD9A210266B9E7C00B0619F /* SettingSectionModel.swift */; };
		5DD9A213266BA1F600B0619F /* SettingViewModel.swift in Sources */ = {isa = PBXBuildFile; fileRef = 5DD9A212266BA1F600B0619F /* SettingViewModel.swift */; };
		8FF2DDACF623DCC403BFDF01 /* Pods_PracticeRxDataSourcesTests.framework in Frameworks */ = {isa = PBXBuildFile; fileRef = 42347600B57DA9701C4DCF6D /* Pods_PracticeRxDataSourcesTests.framework */; };
		BA80BD86A86F37CF6E981BC8 /* Pods_PracticeRxDataSources.framework in Frameworks */ = {isa = PBXBuildFile; fileRef = DD3C01157E8CED7CE021F953 /* Pods_PracticeRxDataSources.framework */; };
/* End PBXBuildFile section */

/* Begin PBXContainerItemProxy section */
		5DD9A1EE2669467100B0619F /* PBXContainerItemProxy */ = {
			isa = PBXContainerItemProxy;
			containerPortal = 5DD9A1CF2669466B00B0619F /* Project object */;
			proxyType = 1;
			remoteGlobalIDString = 5DD9A1D62669466B00B0619F;
			remoteInfo = PracticeRxDataSources;
		};
		5DD9A1F92669467100B0619F /* PBXContainerItemProxy */ = {
			isa = PBXContainerItemProxy;
			containerPortal = 5DD9A1CF2669466B00B0619F /* Project object */;
			proxyType = 1;
			remoteGlobalIDString = 5DD9A1D62669466B00B0619F;
			remoteInfo = PracticeRxDataSources;
		};
/* End PBXContainerItemProxy section */

/* Begin PBXFileReference section */
		025E9EFA5E131B48DFCC18E5 /* Pods-PracticeRxDataSources-PracticeRxDataSourcesUITests.debug.xcconfig */ = {isa = PBXFileReference; includeInIndex = 1; lastKnownFileType = text.xcconfig; name = "Pods-PracticeRxDataSources-PracticeRxDataSourcesUITests.debug.xcconfig"; path = "Target Support Files/Pods-PracticeRxDataSources-PracticeRxDataSourcesUITests/Pods-PracticeRxDataSources-PracticeRxDataSourcesUITests.debug.xcconfig"; sourceTree = "<group>"; };
		42347600B57DA9701C4DCF6D /* Pods_PracticeRxDataSourcesTests.framework */ = {isa = PBXFileReference; explicitFileType = wrapper.framework; includeInIndex = 0; path = Pods_PracticeRxDataSourcesTests.framework; sourceTree = BUILT_PRODUCTS_DIR; };
		4BE0DD448C4B72AAADB96567 /* Pods_PracticeRxDataSources_PracticeRxDataSourcesUITests.framework */ = {isa = PBXFileReference; explicitFileType = wrapper.framework; includeInIndex = 0; path = Pods_PracticeRxDataSources_PracticeRxDataSourcesUITests.framework; sourceTree = BUILT_PRODUCTS_DIR; };
		50F19E4B9A2A0E551A38268C /* Pods-PracticeRxDataSources-PracticeRxDataSourcesUITests.release.xcconfig */ = {isa = PBXFileReference; includeInIndex = 1; lastKnownFileType = text.xcconfig; name = "Pods-PracticeRxDataSources-PracticeRxDataSourcesUITests.release.xcconfig"; path = "Target Support Files/Pods-PracticeRxDataSources-PracticeRxDataSourcesUITests/Pods-PracticeRxDataSources-PracticeRxDataSourcesUITests.release.xcconfig"; sourceTree = "<group>"; };
		5DD9A1D72669466B00B0619F /* PracticeRxDataSources.app */ = {isa = PBXFileReference; explicitFileType = wrapper.application; includeInIndex = 0; path = PracticeRxDataSources.app; sourceTree = BUILT_PRODUCTS_DIR; };
		5DD9A1DA2669466B00B0619F /* AppDelegate.swift */ = {isa = PBXFileReference; lastKnownFileType = sourcecode.swift; path = AppDelegate.swift; sourceTree = "<group>"; };
		5DD9A1DC2669466B00B0619F /* SceneDelegate.swift */ = {isa = PBXFileReference; lastKnownFileType = sourcecode.swift; path = SceneDelegate.swift; sourceTree = "<group>"; };
		5DD9A1DE2669466B00B0619F /* SettingViewController.swift */ = {isa = PBXFileReference; lastKnownFileType = sourcecode.swift; path = SettingViewController.swift; sourceTree = "<group>"; };
		5DD9A1E32669467000B0619F /* Assets.xcassets */ = {isa = PBXFileReference; lastKnownFileType = folder.assetcatalog; path = Assets.xcassets; sourceTree = "<group>"; };
		5DD9A1E62669467000B0619F /* Base */ = {isa = PBXFileReference; lastKnownFileType = file.storyboard; name = Base; path = Base.lproj/LaunchScreen.storyboard; sourceTree = "<group>"; };
		5DD9A1E82669467000B0619F /* Info.plist */ = {isa = PBXFileReference; lastKnownFileType = text.plist.xml; path = Info.plist; sourceTree = "<group>"; };
		5DD9A1ED2669467100B0619F /* PracticeRxDataSourcesTests.xctest */ = {isa = PBXFileReference; explicitFileType = wrapper.cfbundle; includeInIndex = 0; path = PracticeRxDataSourcesTests.xctest; sourceTree = BUILT_PRODUCTS_DIR; };
		5DD9A1F12669467100B0619F /* PracticeRxDataSourcesTests.swift */ = {isa = PBXFileReference; lastKnownFileType = sourcecode.swift; path = PracticeRxDataSourcesTests.swift; sourceTree = "<group>"; };
		5DD9A1F32669467100B0619F /* Info.plist */ = {isa = PBXFileReference; lastKnownFileType = text.plist.xml; path = Info.plist; sourceTree = "<group>"; };
		5DD9A1F82669467100B0619F /* PracticeRxDataSourcesUITests.xctest */ = {isa = PBXFileReference; explicitFileType = wrapper.cfbundle; includeInIndex = 0; path = PracticeRxDataSourcesUITests.xctest; sourceTree = BUILT_PRODUCTS_DIR; };
		5DD9A1FC2669467100B0619F /* PracticeRxDataSourcesUITests.swift */ = {isa = PBXFileReference; lastKnownFileType = sourcecode.swift; path = PracticeRxDataSourcesUITests.swift; sourceTree = "<group>"; };
		5DD9A1FE2669467100B0619F /* Info.plist */ = {isa = PBXFileReference; lastKnownFileType = text.plist.xml; path = Info.plist; sourceTree = "<group>"; };
		5DD9A20A266B9D3000B0619F /* SettingViewController.xib */ = {isa = PBXFileReference; lastKnownFileType = file.xib; path = SettingViewController.xib; sourceTree = "<group>"; };
		5DD9A210266B9E7C00B0619F /* SettingSectionModel.swift */ = {isa = PBXFileReference; lastKnownFileType = sourcecode.swift; path = SettingSectionModel.swift; sourceTree = "<group>"; };
		5DD9A212266BA1F600B0619F /* SettingViewModel.swift */ = {isa = PBXFileReference; lastKnownFileType = sourcecode.swift; path = SettingViewModel.swift; sourceTree = "<group>"; };
		A19370027813D807266FAACA /* Pods-PracticeRxDataSourcesTests.debug.xcconfig */ = {isa = PBXFileReference; includeInIndex = 1; lastKnownFileType = text.xcconfig; name = "Pods-PracticeRxDataSourcesTests.debug.xcconfig"; path = "Target Support Files/Pods-PracticeRxDataSourcesTests/Pods-PracticeRxDataSourcesTests.debug.xcconfig"; sourceTree = "<group>"; };
		A859306DBB6CA7A424C02366 /* Pods-PracticeRxDataSources.release.xcconfig */ = {isa = PBXFileReference; includeInIndex = 1; lastKnownFileType = text.xcconfig; name = "Pods-PracticeRxDataSources.release.xcconfig"; path = "Target Support Files/Pods-PracticeRxDataSources/Pods-PracticeRxDataSources.release.xcconfig"; sourceTree = "<group>"; };
		DD3C01157E8CED7CE021F953 /* Pods_PracticeRxDataSources.framework */ = {isa = PBXFileReference; explicitFileType = wrapper.framework; includeInIndex = 0; path = Pods_PracticeRxDataSources.framework; sourceTree = BUILT_PRODUCTS_DIR; };
		E7C348A5C22734058464AFB8 /* Pods-PracticeRxDataSourcesTests.release.xcconfig */ = {isa = PBXFileReference; includeInIndex = 1; lastKnownFileType = text.xcconfig; name = "Pods-PracticeRxDataSourcesTests.release.xcconfig"; path = "Target Support Files/Pods-PracticeRxDataSourcesTests/Pods-PracticeRxDataSourcesTests.release.xcconfig"; sourceTree = "<group>"; };
		F7CC0EBC754447C1DF6F3CF9 /* Pods-PracticeRxDataSources.debug.xcconfig */ = {isa = PBXFileReference; includeInIndex = 1; lastKnownFileType = text.xcconfig; name = "Pods-PracticeRxDataSources.debug.xcconfig"; path = "Target Support Files/Pods-PracticeRxDataSources/Pods-PracticeRxDataSources.debug.xcconfig"; sourceTree = "<group>"; };
/* End PBXFileReference section */

/* Begin PBXFrameworksBuildPhase section */
		5DD9A1D42669466B00B0619F /* Frameworks */ = {
			isa = PBXFrameworksBuildPhase;
			buildActionMask = 2147483647;
			files = (
				BA80BD86A86F37CF6E981BC8 /* Pods_PracticeRxDataSources.framework in Frameworks */,
			);
			runOnlyForDeploymentPostprocessing = 0;
		};
		5DD9A1EA2669467100B0619F /* Frameworks */ = {
			isa = PBXFrameworksBuildPhase;
			buildActionMask = 2147483647;
			files = (
				8FF2DDACF623DCC403BFDF01 /* Pods_PracticeRxDataSourcesTests.framework in Frameworks */,
			);
			runOnlyForDeploymentPostprocessing = 0;
		};
		5DD9A1F52669467100B0619F /* Frameworks */ = {
			isa = PBXFrameworksBuildPhase;
			buildActionMask = 2147483647;
			files = (
				3518C2A3FD4C100785EF2096 /* Pods_PracticeRxDataSources_PracticeRxDataSourcesUITests.framework in Frameworks */,
			);
			runOnlyForDeploymentPostprocessing = 0;
		};
/* End PBXFrameworksBuildPhase section */

/* Begin PBXGroup section */
		5DD9A1CE2669466B00B0619F = {
			isa = PBXGroup;
			children = (
				5DD9A1D92669466B00B0619F /* PracticeRxDataSources */,
				5DD9A1F02669467100B0619F /* PracticeRxDataSourcesTests */,
				5DD9A1FB2669467100B0619F /* PracticeRxDataSourcesUITests */,
				5DD9A1D82669466B00B0619F /* Products */,
				621AA238559FBECE7BD7E135 /* Pods */,
				A14FC1AF93C292B11A704B4C /* Frameworks */,
			);
			sourceTree = "<group>";
		};
		5DD9A1D82669466B00B0619F /* Products */ = {
			isa = PBXGroup;
			children = (
				5DD9A1D72669466B00B0619F /* PracticeRxDataSources.app */,
				5DD9A1ED2669467100B0619F /* PracticeRxDataSourcesTests.xctest */,
				5DD9A1F82669467100B0619F /* PracticeRxDataSourcesUITests.xctest */,
			);
			name = Products;
			sourceTree = "<group>";
		};
		5DD9A1D92669466B00B0619F /* PracticeRxDataSources */ = {
			isa = PBXGroup;
			children = (
				5DD9A20C266B9E0300B0619F /* Model */,
				5DD9A20D266B9E1500B0619F /* ViewModel */,
				5DD9A20F266B9E2200B0619F /* ViewController */,
				5DD9A20E266B9E1C00B0619F /* View */,
				5DD9A1DA2669466B00B0619F /* AppDelegate.swift */,
				5DD9A1DC2669466B00B0619F /* SceneDelegate.swift */,
				5DD9A1E32669467000B0619F /* Assets.xcassets */,
				5DD9A1E52669467000B0619F /* LaunchScreen.storyboard */,
				5DD9A1E82669467000B0619F /* Info.plist */,
			);
			path = PracticeRxDataSources;
			sourceTree = "<group>";
		};
		5DD9A1F02669467100B0619F /* PracticeRxDataSourcesTests */ = {
			isa = PBXGroup;
			children = (
				5DD9A1F12669467100B0619F /* PracticeRxDataSourcesTests.swift */,
				5DD9A1F32669467100B0619F /* Info.plist */,
			);
			path = PracticeRxDataSourcesTests;
			sourceTree = "<group>";
		};
		5DD9A1FB2669467100B0619F /* PracticeRxDataSourcesUITests */ = {
			isa = PBXGroup;
			children = (
				5DD9A1FC2669467100B0619F /* PracticeRxDataSourcesUITests.swift */,
				5DD9A1FE2669467100B0619F /* Info.plist */,
			);
			path = PracticeRxDataSourcesUITests;
			sourceTree = "<group>";
		};
		5DD9A20C266B9E0300B0619F /* Model */ = {
			isa = PBXGroup;
			children = (
				5DD9A210266B9E7C00B0619F /* SettingSectionModel.swift */,
			);
			path = Model;
			sourceTree = "<group>";
		};
		5DD9A20D266B9E1500B0619F /* ViewModel */ = {
			isa = PBXGroup;
			children = (
				5DD9A212266BA1F600B0619F /* SettingViewModel.swift */,
			);
			path = ViewModel;
			sourceTree = "<group>";
		};
		5DD9A20E266B9E1C00B0619F /* View */ = {
			isa = PBXGroup;
			children = (
				5DD9A20A266B9D3000B0619F /* SettingViewController.xib */,
			);
			path = View;
			sourceTree = "<group>";
		};
		5DD9A20F266B9E2200B0619F /* ViewController */ = {
			isa = PBXGroup;
			children = (
				5DD9A1DE2669466B00B0619F /* SettingViewController.swift */,
			);
			path = ViewController;
			sourceTree = "<group>";
		};
		621AA238559FBECE7BD7E135 /* Pods */ = {
			isa = PBXGroup;
			children = (
				F7CC0EBC754447C1DF6F3CF9 /* Pods-PracticeRxDataSources.debug.xcconfig */,
				A859306DBB6CA7A424C02366 /* Pods-PracticeRxDataSources.release.xcconfig */,
				025E9EFA5E131B48DFCC18E5 /* Pods-PracticeRxDataSources-PracticeRxDataSourcesUITests.debug.xcconfig */,
				50F19E4B9A2A0E551A38268C /* Pods-PracticeRxDataSources-PracticeRxDataSourcesUITests.release.xcconfig */,
				A19370027813D807266FAACA /* Pods-PracticeRxDataSourcesTests.debug.xcconfig */,
				E7C348A5C22734058464AFB8 /* Pods-PracticeRxDataSourcesTests.release.xcconfig */,
			);
			path = Pods;
			sourceTree = "<group>";
		};
		A14FC1AF93C292B11A704B4C /* Frameworks */ = {
			isa = PBXGroup;
			children = (
				DD3C01157E8CED7CE021F953 /* Pods_PracticeRxDataSources.framework */,
				4BE0DD448C4B72AAADB96567 /* Pods_PracticeRxDataSources_PracticeRxDataSourcesUITests.framework */,
				42347600B57DA9701C4DCF6D /* Pods_PracticeRxDataSourcesTests.framework */,
			);
			name = Frameworks;
			sourceTree = "<group>";
		};
/* End PBXGroup section */

/* Begin PBXNativeTarget section */
		5DD9A1D62669466B00B0619F /* PracticeRxDataSources */ = {
			isa = PBXNativeTarget;
			buildConfigurationList = 5DD9A2012669467100B0619F /* Build configuration list for PBXNativeTarget "PracticeRxDataSources" */;
			buildPhases = (
				24BC2A10EBBBBEF6002F1BF4 /* [CP] Check Pods Manifest.lock */,
				5DD9A1D32669466B00B0619F /* Sources */,
				5DD9A1D42669466B00B0619F /* Frameworks */,
				5DD9A1D52669466B00B0619F /* Resources */,
				1181FDD2C1ACE5D9094803F4 /* [CP] Embed Pods Frameworks */,
			);
			buildRules = (
			);
			dependencies = (
			);
			name = PracticeRxDataSources;
			productName = PracticeRxDataSources;
			productReference = 5DD9A1D72669466B00B0619F /* PracticeRxDataSources.app */;
			productType = "com.apple.product-type.application";
		};
		5DD9A1EC2669467100B0619F /* PracticeRxDataSourcesTests */ = {
			isa = PBXNativeTarget;
			buildConfigurationList = 5DD9A2042669467100B0619F /* Build configuration list for PBXNativeTarget "PracticeRxDataSourcesTests" */;
			buildPhases = (
				06489A689E630BFF6267BE7F /* [CP] Check Pods Manifest.lock */,
				5DD9A1E92669467100B0619F /* Sources */,
				5DD9A1EA2669467100B0619F /* Frameworks */,
				5DD9A1EB2669467100B0619F /* Resources */,
			);
			buildRules = (
			);
			dependencies = (
				5DD9A1EF2669467100B0619F /* PBXTargetDependency */,
			);
			name = PracticeRxDataSourcesTests;
			productName = PracticeRxDataSourcesTests;
			productReference = 5DD9A1ED2669467100B0619F /* PracticeRxDataSourcesTests.xctest */;
			productType = "com.apple.product-type.bundle.unit-test";
		};
		5DD9A1F72669467100B0619F /* PracticeRxDataSourcesUITests */ = {
			isa = PBXNativeTarget;
			buildConfigurationList = 5DD9A2072669467100B0619F /* Build configuration list for PBXNativeTarget "PracticeRxDataSourcesUITests" */;
			buildPhases = (
				43AA2B8445B4CB78A6FB4317 /* [CP] Check Pods Manifest.lock */,
				5DD9A1F42669467100B0619F /* Sources */,
				5DD9A1F52669467100B0619F /* Frameworks */,
				5DD9A1F62669467100B0619F /* Resources */,
				B7907CFA7C6B1B8D70B1A0B4 /* [CP] Embed Pods Frameworks */,
			);
			buildRules = (
			);
			dependencies = (
				5DD9A1FA2669467100B0619F /* PBXTargetDependency */,
			);
			name = PracticeRxDataSourcesUITests;
			productName = PracticeRxDataSourcesUITests;
			productReference = 5DD9A1F82669467100B0619F /* PracticeRxDataSourcesUITests.xctest */;
			productType = "com.apple.product-type.bundle.ui-testing";
		};
/* End PBXNativeTarget section */

/* Begin PBXProject section */
		5DD9A1CF2669466B00B0619F /* Project object */ = {
			isa = PBXProject;
			attributes = {
				LastSwiftUpdateCheck = 1250;
				LastUpgradeCheck = 1250;
				TargetAttributes = {
					5DD9A1D62669466B00B0619F = {
						CreatedOnToolsVersion = 12.5;
					};
					5DD9A1EC2669467100B0619F = {
						CreatedOnToolsVersion = 12.5;
						TestTargetID = 5DD9A1D62669466B00B0619F;
					};
					5DD9A1F72669467100B0619F = {
						CreatedOnToolsVersion = 12.5;
						TestTargetID = 5DD9A1D62669466B00B0619F;
					};
				};
			};
			buildConfigurationList = 5DD9A1D22669466B00B0619F /* Build configuration list for PBXProject "PracticeRxDataSources" */;
			compatibilityVersion = "Xcode 9.3";
			developmentRegion = en;
			hasScannedForEncodings = 0;
			knownRegions = (
				en,
				Base,
			);
			mainGroup = 5DD9A1CE2669466B00B0619F;
			productRefGroup = 5DD9A1D82669466B00B0619F /* Products */;
			projectDirPath = "";
			projectRoot = "";
			targets = (
				5DD9A1D62669466B00B0619F /* PracticeRxDataSources */,
				5DD9A1EC2669467100B0619F /* PracticeRxDataSourcesTests */,
				5DD9A1F72669467100B0619F /* PracticeRxDataSourcesUITests */,
			);
		};
/* End PBXProject section */

/* Begin PBXResourcesBuildPhase section */
		5DD9A1D52669466B00B0619F /* Resources */ = {
			isa = PBXResourcesBuildPhase;
			buildActionMask = 2147483647;
			files = (
				5DD9A1E72669467000B0619F /* LaunchScreen.storyboard in Resources */,
				5DD9A20B266B9D3000B0619F /* SettingViewController.xib in Resources */,
				5DD9A1E42669467000B0619F /* Assets.xcassets in Resources */,
			);
			runOnlyForDeploymentPostprocessing = 0;
		};
		5DD9A1EB2669467100B0619F /* Resources */ = {
			isa = PBXResourcesBuildPhase;
			buildActionMask = 2147483647;
			files = (
			);
			runOnlyForDeploymentPostprocessing = 0;
		};
		5DD9A1F62669467100B0619F /* Resources */ = {
			isa = PBXResourcesBuildPhase;
			buildActionMask = 2147483647;
			files = (
			);
			runOnlyForDeploymentPostprocessing = 0;
		};
/* End PBXResourcesBuildPhase section */

/* Begin PBXShellScriptBuildPhase section */
		06489A689E630BFF6267BE7F /* [CP] Check Pods Manifest.lock */ = {
			isa = PBXShellScriptBuildPhase;
			buildActionMask = 2147483647;
			files = (
			);
			inputFileListPaths = (
			);
			inputPaths = (
				"${PODS_PODFILE_DIR_PATH}/Podfile.lock",
				"${PODS_ROOT}/Manifest.lock",
			);
			name = "[CP] Check Pods Manifest.lock";
			outputFileListPaths = (
			);
			outputPaths = (
				"$(DERIVED_FILE_DIR)/Pods-PracticeRxDataSourcesTests-checkManifestLockResult.txt",
			);
			runOnlyForDeploymentPostprocessing = 0;
			shellPath = /bin/sh;
			shellScript = "diff \"${PODS_PODFILE_DIR_PATH}/Podfile.lock\" \"${PODS_ROOT}/Manifest.lock\" > /dev/null\nif [ $? != 0 ] ; then\n    # print error to STDERR\n    echo \"error: The sandbox is not in sync with the Podfile.lock. Run 'pod install' or update your CocoaPods installation.\" >&2\n    exit 1\nfi\n# This output is used by Xcode 'outputs' to avoid re-running this script phase.\necho \"SUCCESS\" > \"${SCRIPT_OUTPUT_FILE_0}\"\n";
			showEnvVarsInLog = 0;
		};
		1181FDD2C1ACE5D9094803F4 /* [CP] Embed Pods Frameworks */ = {
			isa = PBXShellScriptBuildPhase;
			buildActionMask = 2147483647;
			files = (
			);
			inputFileListPaths = (
				"${PODS_ROOT}/Target Support Files/Pods-PracticeRxDataSources/Pods-PracticeRxDataSources-frameworks-${CONFIGURATION}-input-files.xcfilelist",
			);
			name = "[CP] Embed Pods Frameworks";
			outputFileListPaths = (
				"${PODS_ROOT}/Target Support Files/Pods-PracticeRxDataSources/Pods-PracticeRxDataSources-frameworks-${CONFIGURATION}-output-files.xcfilelist",
			);
			runOnlyForDeploymentPostprocessing = 0;
			shellPath = /bin/sh;
			shellScript = "\"${PODS_ROOT}/Target Support Files/Pods-PracticeRxDataSources/Pods-PracticeRxDataSources-frameworks.sh\"\n";
			showEnvVarsInLog = 0;
		};
		24BC2A10EBBBBEF6002F1BF4 /* [CP] Check Pods Manifest.lock */ = {
			isa = PBXShellScriptBuildPhase;
			buildActionMask = 2147483647;
			files = (
			);
			inputFileListPaths = (
			);
			inputPaths = (
				"${PODS_PODFILE_DIR_PATH}/Podfile.lock",
				"${PODS_ROOT}/Manifest.lock",
			);
			name = "[CP] Check Pods Manifest.lock";
			outputFileListPaths = (
			);
			outputPaths = (
				"$(DERIVED_FILE_DIR)/Pods-PracticeRxDataSources-checkManifestLockResult.txt",
			);
			runOnlyForDeploymentPostprocessing = 0;
			shellPath = /bin/sh;
			shellScript = "diff \"${PODS_PODFILE_DIR_PATH}/Podfile.lock\" \"${PODS_ROOT}/Manifest.lock\" > /dev/null\nif [ $? != 0 ] ; then\n    # print error to STDERR\n    echo \"error: The sandbox is not in sync with the Podfile.lock. Run 'pod install' or update your CocoaPods installation.\" >&2\n    exit 1\nfi\n# This output is used by Xcode 'outputs' to avoid re-running this script phase.\necho \"SUCCESS\" > \"${SCRIPT_OUTPUT_FILE_0}\"\n";
			showEnvVarsInLog = 0;
		};
		43AA2B8445B4CB78A6FB4317 /* [CP] Check Pods Manifest.lock */ = {
			isa = PBXShellScriptBuildPhase;
			buildActionMask = 2147483647;
			files = (
			);
			inputFileListPaths = (
			);
			inputPaths = (
				"${PODS_PODFILE_DIR_PATH}/Podfile.lock",
				"${PODS_ROOT}/Manifest.lock",
			);
			name = "[CP] Check Pods Manifest.lock";
			outputFileListPaths = (
			);
			outputPaths = (
				"$(DERIVED_FILE_DIR)/Pods-PracticeRxDataSources-PracticeRxDataSourcesUITests-checkManifestLockResult.txt",
			);
			runOnlyForDeploymentPostprocessing = 0;
			shellPath = /bin/sh;
			shellScript = "diff \"${PODS_PODFILE_DIR_PATH}/Podfile.lock\" \"${PODS_ROOT}/Manifest.lock\" > /dev/null\nif [ $? != 0 ] ; then\n    # print error to STDERR\n    echo \"error: The sandbox is not in sync with the Podfile.lock. Run 'pod install' or update your CocoaPods installation.\" >&2\n    exit 1\nfi\n# This output is used by Xcode 'outputs' to avoid re-running this script phase.\necho \"SUCCESS\" > \"${SCRIPT_OUTPUT_FILE_0}\"\n";
			showEnvVarsInLog = 0;
		};
		B7907CFA7C6B1B8D70B1A0B4 /* [CP] Embed Pods Frameworks */ = {
			isa = PBXShellScriptBuildPhase;
			buildActionMask = 2147483647;
			files = (
			);
			inputFileListPaths = (
				"${PODS_ROOT}/Target Support Files/Pods-PracticeRxDataSources-PracticeRxDataSourcesUITests/Pods-PracticeRxDataSources-PracticeRxDataSourcesUITests-frameworks-${CONFIGURATION}-input-files.xcfilelist",
			);
			name = "[CP] Embed Pods Frameworks";
			outputFileListPaths = (
				"${PODS_ROOT}/Target Support Files/Pods-PracticeRxDataSources-PracticeRxDataSourcesUITests/Pods-PracticeRxDataSources-PracticeRxDataSourcesUITests-frameworks-${CONFIGURATION}-output-files.xcfilelist",
			);
			runOnlyForDeploymentPostprocessing = 0;
			shellPath = /bin/sh;
			shellScript = "\"${PODS_ROOT}/Target Support Files/Pods-PracticeRxDataSources-PracticeRxDataSourcesUITests/Pods-PracticeRxDataSources-PracticeRxDataSourcesUITests-frameworks.sh\"\n";
			showEnvVarsInLog = 0;
		};
/* End PBXShellScriptBuildPhase section */

/* Begin PBXSourcesBuildPhase section */
		5DD9A1D32669466B00B0619F /* Sources */ = {
			isa = PBXSourcesBuildPhase;
			buildActionMask = 2147483647;
			files = (
				5DD9A213266BA1F600B0619F /* SettingViewModel.swift in Sources */,
				5DD9A211266B9E7C00B0619F /* SettingSectionModel.swift in Sources */,
				5DD9A1DF2669466B00B0619F /* SettingViewController.swift in Sources */,
				5DD9A1DB2669466B00B0619F /* AppDelegate.swift in Sources */,
				5DD9A1DD2669466B00B0619F /* SceneDelegate.swift in Sources */,
			);
			runOnlyForDeploymentPostprocessing = 0;
		};
		5DD9A1E92669467100B0619F /* Sources */ = {
			isa = PBXSourcesBuildPhase;
			buildActionMask = 2147483647;
			files = (
				5DD9A1F22669467100B0619F /* PracticeRxDataSourcesTests.swift in Sources */,
			);
			runOnlyForDeploymentPostprocessing = 0;
		};
		5DD9A1F42669467100B0619F /* Sources */ = {
			isa = PBXSourcesBuildPhase;
			buildActionMask = 2147483647;
			files = (
				5DD9A1FD2669467100B0619F /* PracticeRxDataSourcesUITests.swift in Sources */,
			);
			runOnlyForDeploymentPostprocessing = 0;
		};
/* End PBXSourcesBuildPhase section */

/* Begin PBXTargetDependency section */
		5DD9A1EF2669467100B0619F /* PBXTargetDependency */ = {
			isa = PBXTargetDependency;
			target = 5DD9A1D62669466B00B0619F /* PracticeRxDataSources */;
			targetProxy = 5DD9A1EE2669467100B0619F /* PBXContainerItemProxy */;
		};
		5DD9A1FA2669467100B0619F /* PBXTargetDependency */ = {
			isa = PBXTargetDependency;
			target = 5DD9A1D62669466B00B0619F /* PracticeRxDataSources */;
			targetProxy = 5DD9A1F92669467100B0619F /* PBXContainerItemProxy */;
		};
/* End PBXTargetDependency section */

/* Begin PBXVariantGroup section */
		5DD9A1E52669467000B0619F /* LaunchScreen.storyboard */ = {
			isa = PBXVariantGroup;
			children = (
				5DD9A1E62669467000B0619F /* Base */,
			);
			name = LaunchScreen.storyboard;
			sourceTree = "<group>";
		};
/* End PBXVariantGroup section */

/* Begin XCBuildConfiguration section */
		5DD9A1FF2669467100B0619F /* Debug */ = {
			isa = XCBuildConfiguration;
			buildSettings = {
				ALWAYS_SEARCH_USER_PATHS = NO;
				CLANG_ANALYZER_NONNULL = YES;
				CLANG_ANALYZER_NUMBER_OBJECT_CONVERSION = YES_AGGRESSIVE;
				CLANG_CXX_LANGUAGE_STANDARD = "gnu++14";
				CLANG_CXX_LIBRARY = "libc++";
				CLANG_ENABLE_MODULES = YES;
				CLANG_ENABLE_OBJC_ARC = YES;
				CLANG_ENABLE_OBJC_WEAK = YES;
				CLANG_WARN_BLOCK_CAPTURE_AUTORELEASING = YES;
				CLANG_WARN_BOOL_CONVERSION = YES;
				CLANG_WARN_COMMA = YES;
				CLANG_WARN_CONSTANT_CONVERSION = YES;
				CLANG_WARN_DEPRECATED_OBJC_IMPLEMENTATIONS = YES;
				CLANG_WARN_DIRECT_OBJC_ISA_USAGE = YES_ERROR;
				CLANG_WARN_DOCUMENTATION_COMMENTS = YES;
				CLANG_WARN_EMPTY_BODY = YES;
				CLANG_WARN_ENUM_CONVERSION = YES;
				CLANG_WARN_INFINITE_RECURSION = YES;
				CLANG_WARN_INT_CONVERSION = YES;
				CLANG_WARN_NON_LITERAL_NULL_CONVERSION = YES;
				CLANG_WARN_OBJC_IMPLICIT_RETAIN_SELF = YES;
				CLANG_WARN_OBJC_LITERAL_CONVERSION = YES;
				CLANG_WARN_OBJC_ROOT_CLASS = YES_ERROR;
				CLANG_WARN_QUOTED_INCLUDE_IN_FRAMEWORK_HEADER = YES;
				CLANG_WARN_RANGE_LOOP_ANALYSIS = YES;
				CLANG_WARN_STRICT_PROTOTYPES = YES;
				CLANG_WARN_SUSPICIOUS_MOVE = YES;
				CLANG_WARN_UNGUARDED_AVAILABILITY = YES_AGGRESSIVE;
				CLANG_WARN_UNREACHABLE_CODE = YES;
				CLANG_WARN__DUPLICATE_METHOD_MATCH = YES;
				COPY_PHASE_STRIP = NO;
				DEBUG_INFORMATION_FORMAT = dwarf;
				ENABLE_STRICT_OBJC_MSGSEND = YES;
				ENABLE_TESTABILITY = YES;
				GCC_C_LANGUAGE_STANDARD = gnu11;
				GCC_DYNAMIC_NO_PIC = NO;
				GCC_NO_COMMON_BLOCKS = YES;
				GCC_OPTIMIZATION_LEVEL = 0;
				GCC_PREPROCESSOR_DEFINITIONS = (
					"DEBUG=1",
					"$(inherited)",
				);
				GCC_WARN_64_TO_32_BIT_CONVERSION = YES;
				GCC_WARN_ABOUT_RETURN_TYPE = YES_ERROR;
				GCC_WARN_UNDECLARED_SELECTOR = YES;
				GCC_WARN_UNINITIALIZED_AUTOS = YES_AGGRESSIVE;
				GCC_WARN_UNUSED_FUNCTION = YES;
				GCC_WARN_UNUSED_VARIABLE = YES;
				IPHONEOS_DEPLOYMENT_TARGET = 14.5;
				MTL_ENABLE_DEBUG_INFO = INCLUDE_SOURCE;
				MTL_FAST_MATH = YES;
				ONLY_ACTIVE_ARCH = YES;
				SDKROOT = iphoneos;
				SWIFT_ACTIVE_COMPILATION_CONDITIONS = DEBUG;
				SWIFT_OPTIMIZATION_LEVEL = "-Onone";
			};
			name = Debug;
		};
		5DD9A2002669467100B0619F /* Release */ = {
			isa = XCBuildConfiguration;
			buildSettings = {
				ALWAYS_SEARCH_USER_PATHS = NO;
				CLANG_ANALYZER_NONNULL = YES;
				CLANG_ANALYZER_NUMBER_OBJECT_CONVERSION = YES_AGGRESSIVE;
				CLANG_CXX_LANGUAGE_STANDARD = "gnu++14";
				CLANG_CXX_LIBRARY = "libc++";
				CLANG_ENABLE_MODULES = YES;
				CLANG_ENABLE_OBJC_ARC = YES;
				CLANG_ENABLE_OBJC_WEAK = YES;
				CLANG_WARN_BLOCK_CAPTURE_AUTORELEASING = YES;
				CLANG_WARN_BOOL_CONVERSION = YES;
				CLANG_WARN_COMMA = YES;
				CLANG_WARN_CONSTANT_CONVERSION = YES;
				CLANG_WARN_DEPRECATED_OBJC_IMPLEMENTATIONS = YES;
				CLANG_WARN_DIRECT_OBJC_ISA_USAGE = YES_ERROR;
				CLANG_WARN_DOCUMENTATION_COMMENTS = YES;
				CLANG_WARN_EMPTY_BODY = YES;
				CLANG_WARN_ENUM_CONVERSION = YES;
				CLANG_WARN_INFINITE_RECURSION = YES;
				CLANG_WARN_INT_CONVERSION = YES;
				CLANG_WARN_NON_LITERAL_NULL_CONVERSION = YES;
				CLANG_WARN_OBJC_IMPLICIT_RETAIN_SELF = YES;
				CLANG_WARN_OBJC_LITERAL_CONVERSION = YES;
				CLANG_WARN_OBJC_ROOT_CLASS = YES_ERROR;
				CLANG_WARN_QUOTED_INCLUDE_IN_FRAMEWORK_HEADER = YES;
				CLANG_WARN_RANGE_LOOP_ANALYSIS = YES;
				CLANG_WARN_STRICT_PROTOTYPES = YES;
				CLANG_WARN_SUSPICIOUS_MOVE = YES;
				CLANG_WARN_UNGUARDED_AVAILABILITY = YES_AGGRESSIVE;
				CLANG_WARN_UNREACHABLE_CODE = YES;
				CLANG_WARN__DUPLICATE_METHOD_MATCH = YES;
				COPY_PHASE_STRIP = NO;
				DEBUG_INFORMATION_FORMAT = "dwarf-with-dsym";
				ENABLE_NS_ASSERTIONS = NO;
				ENABLE_STRICT_OBJC_MSGSEND = YES;
				GCC_C_LANGUAGE_STANDARD = gnu11;
				GCC_NO_COMMON_BLOCKS = YES;
				GCC_WARN_64_TO_32_BIT_CONVERSION = YES;
				GCC_WARN_ABOUT_RETURN_TYPE = YES_ERROR;
				GCC_WARN_UNDECLARED_SELECTOR = YES;
				GCC_WARN_UNINITIALIZED_AUTOS = YES_AGGRESSIVE;
				GCC_WARN_UNUSED_FUNCTION = YES;
				GCC_WARN_UNUSED_VARIABLE = YES;
				IPHONEOS_DEPLOYMENT_TARGET = 14.5;
				MTL_ENABLE_DEBUG_INFO = NO;
				MTL_FAST_MATH = YES;
				SDKROOT = iphoneos;
				SWIFT_COMPILATION_MODE = wholemodule;
				SWIFT_OPTIMIZATION_LEVEL = "-O";
				VALIDATE_PRODUCT = YES;
			};
			name = Release;
		};
		5DD9A2022669467100B0619F /* Debug */ = {
			isa = XCBuildConfiguration;
			baseConfigurationReference = F7CC0EBC754447C1DF6F3CF9 /* Pods-PracticeRxDataSources.debug.xcconfig */;
			buildSettings = {
				ASSETCATALOG_COMPILER_APPICON_NAME = AppIcon;
				ASSETCATALOG_COMPILER_GLOBAL_ACCENT_COLOR_NAME = AccentColor;
				CODE_SIGN_STYLE = Automatic;
				DEVELOPMENT_TEAM = 9R57QJP8SY;
				INFOPLIST_FILE = PracticeRxDataSources/Info.plist;
				LD_RUNPATH_SEARCH_PATHS = (
					"$(inherited)",
					"@executable_path/Frameworks",
				);
				PRODUCT_BUNDLE_IDENTIFIER = com.hidec.PracticeRxDataSources;
				PRODUCT_NAME = "$(TARGET_NAME)";
				SWIFT_VERSION = 5.0;
				TARGETED_DEVICE_FAMILY = 1;
			};
			name = Debug;
		};
		5DD9A2032669467100B0619F /* Release */ = {
			isa = XCBuildConfiguration;
			baseConfigurationReference = A859306DBB6CA7A424C02366 /* Pods-PracticeRxDataSources.release.xcconfig */;
			buildSettings = {
				ASSETCATALOG_COMPILER_APPICON_NAME = AppIcon;
				ASSETCATALOG_COMPILER_GLOBAL_ACCENT_COLOR_NAME = AccentColor;
				CODE_SIGN_STYLE = Automatic;
				DEVELOPMENT_TEAM = 9R57QJP8SY;
				INFOPLIST_FILE = PracticeRxDataSources/Info.plist;
				LD_RUNPATH_SEARCH_PATHS = (
					"$(inherited)",
					"@executable_path/Frameworks",
				);
				PRODUCT_BUNDLE_IDENTIFIER = com.hidec.PracticeRxDataSources;
				PRODUCT_NAME = "$(TARGET_NAME)";
				SWIFT_VERSION = 5.0;
				TARGETED_DEVICE_FAMILY = 1;
			};
			name = Release;
		};
		5DD9A2052669467100B0619F /* Debug */ = {
			isa = XCBuildConfiguration;
			baseConfigurationReference = A19370027813D807266FAACA /* Pods-PracticeRxDataSourcesTests.debug.xcconfig */;
			buildSettings = {
				ALWAYS_EMBED_SWIFT_STANDARD_LIBRARIES = YES;
				BUNDLE_LOADER = "$(TEST_HOST)";
				CODE_SIGN_STYLE = Automatic;
				DEVELOPMENT_TEAM = 9R57QJP8SY;
				INFOPLIST_FILE = PracticeRxDataSourcesTests/Info.plist;
				IPHONEOS_DEPLOYMENT_TARGET = 14.5;
				LD_RUNPATH_SEARCH_PATHS = (
					"$(inherited)",
					"@executable_path/Frameworks",
					"@loader_path/Frameworks",
				);
				PRODUCT_BUNDLE_IDENTIFIER = com.hidec.PracticeRxDataSourcesTests;
				PRODUCT_NAME = "$(TARGET_NAME)";
				SWIFT_VERSION = 5.0;
				TARGETED_DEVICE_FAMILY = "1,2";
				TEST_HOST = "$(BUILT_PRODUCTS_DIR)/PracticeRxDataSources.app/PracticeRxDataSources";
			};
			name = Debug;
		};
		5DD9A2062669467100B0619F /* Release */ = {
			isa = XCBuildConfiguration;
			baseConfigurationReference = E7C348A5C22734058464AFB8 /* Pods-PracticeRxDataSourcesTests.release.xcconfig */;
			buildSettings = {
				ALWAYS_EMBED_SWIFT_STANDARD_LIBRARIES = YES;
				BUNDLE_LOADER = "$(TEST_HOST)";
				CODE_SIGN_STYLE = Automatic;
				DEVELOPMENT_TEAM = 9R57QJP8SY;
				INFOPLIST_FILE = PracticeRxDataSourcesTests/Info.plist;
				IPHONEOS_DEPLOYMENT_TARGET = 14.5;
				LD_RUNPATH_SEARCH_PATHS = (
					"$(inherited)",
					"@executable_path/Frameworks",
					"@loader_path/Frameworks",
				);
				PRODUCT_BUNDLE_IDENTIFIER = com.hidec.PracticeRxDataSourcesTests;
				PRODUCT_NAME = "$(TARGET_NAME)";
				SWIFT_VERSION = 5.0;
				TARGETED_DEVICE_FAMILY = "1,2";
				TEST_HOST = "$(BUILT_PRODUCTS_DIR)/PracticeRxDataSources.app/PracticeRxDataSources";
			};
			name = Release;
		};
		5DD9A2082669467100B0619F /* Debug */ = {
			isa = XCBuildConfiguration;
			baseConfigurationReference = 025E9EFA5E131B48DFCC18E5 /* Pods-PracticeRxDataSources-PracticeRxDataSourcesUITests.debug.xcconfig */;
			buildSettings = {
				ALWAYS_EMBED_SWIFT_STANDARD_LIBRARIES = YES;
				CODE_SIGN_STYLE = Automatic;
				DEVELOPMENT_TEAM = 9R57QJP8SY;
				INFOPLIST_FILE = PracticeRxDataSourcesUITests/Info.plist;
				LD_RUNPATH_SEARCH_PATHS = (
					"$(inherited)",
					"@executable_path/Frameworks",
					"@loader_path/Frameworks",
				);
				PRODUCT_BUNDLE_IDENTIFIER = com.hidec.PracticeRxDataSourcesUITests;
				PRODUCT_NAME = "$(TARGET_NAME)";
				SWIFT_VERSION = 5.0;
				TARGETED_DEVICE_FAMILY = "1,2";
				TEST_TARGET_NAME = PracticeRxDataSources;
			};
			name = Debug;
		};
		5DD9A2092669467100B0619F /* Release */ = {
			isa = XCBuildConfiguration;
			baseConfigurationReference = 50F19E4B9A2A0E551A38268C /* Pods-PracticeRxDataSources-PracticeRxDataSourcesUITests.release.xcconfig */;
			buildSettings = {
				ALWAYS_EMBED_SWIFT_STANDARD_LIBRARIES = YES;
				CODE_SIGN_STYLE = Automatic;
				DEVELOPMENT_TEAM = 9R57QJP8SY;
				INFOPLIST_FILE = PracticeRxDataSourcesUITests/Info.plist;
				LD_RUNPATH_SEARCH_PATHS = (
					"$(inherited)",
					"@executable_path/Frameworks",
					"@loader_path/Frameworks",
				);
				PRODUCT_BUNDLE_IDENTIFIER = com.hidec.PracticeRxDataSourcesUITests;
				PRODUCT_NAME = "$(TARGET_NAME)";
				SWIFT_VERSION = 5.0;
				TARGETED_DEVICE_FAMILY = "1,2";
				TEST_TARGET_NAME = PracticeRxDataSources;
			};
			name = Release;
		};
/* End XCBuildConfiguration section */

/* Begin XCConfigurationList section */
		5DD9A1D22669466B00B0619F /* Build configuration list for PBXProject "PracticeRxDataSources" */ = {
			isa = XCConfigurationList;
			buildConfigurations = (
				5DD9A1FF2669467100B0619F /* Debug */,
				5DD9A2002669467100B0619F /* Release */,
			);
			defaultConfigurationIsVisible = 0;
			defaultConfigurationName = Release;
		};
		5DD9A2012669467100B0619F /* Build configuration list for PBXNativeTarget "PracticeRxDataSources" */ = {
			isa = XCConfigurationList;
			buildConfigurations = (
				5DD9A2022669467100B0619F /* Debug */,
				5DD9A2032669467100B0619F /* Release */,
			);
			defaultConfigurationIsVisible = 0;
			defaultConfigurationName = Release;
		};
		5DD9A2042669467100B0619F /* Build configuration list for PBXNativeTarget "PracticeRxDataSourcesTests" */ = {
			isa = XCConfigurationList;
			buildConfigurations = (
				5DD9A2052669467100B0619F /* Debug */,
				5DD9A2062669467100B0619F /* Release */,
			);
			defaultConfigurationIsVisible = 0;
			defaultConfigurationName = Release;
		};
		5DD9A2072669467100B0619F /* Build configuration list for PBXNativeTarget "PracticeRxDataSourcesUITests" */ = {
			isa = XCConfigurationList;
			buildConfigurations = (
				5DD9A2082669467100B0619F /* Debug */,
				5DD9A2092669467100B0619F /* Release */,
			);
			defaultConfigurationIsVisible = 0;
			defaultConfigurationName = Release;
		};
/* End XCConfigurationList section */
	};
	rootObject = 5DD9A1CF2669466B00B0619F /* Project object */;
}
